
Microsoft Visual Studio Solution File, Format Version 12.00
# Visual Studio Version 17
VisualStudioVersion = 17.6.33829.357
MinimumVisualStudioVersion = 10.0.40219.1
Project("{9A19103F-16F7-4668-BE54-9A1E7A4F7556}") = "PrestigePlus", "PrestigePlus.csproj", "{94071646-B918-4D8E-B86F-E3DC3E8C7118}"
EndProject
Global
	GlobalSection(SolutionConfigurationPlatforms) = preSolution
		Debug|Any CPU = Debug|Any CPU
		Release|Any CPU = Release|Any CPU
	EndGlobalSection
	GlobalSection(ProjectConfigurationPlatforms) = postSolution
		{94071646-B918-4D8E-B86F-E3DC3E8C7118}.Debug|Any CPU.ActiveCfg = Debug|Any CPU
		{94071646-B918-4D8E-B86F-E3DC3E8C7118}.Debug|Any CPU.Build.0 = Debug|Any CPU
		{94071646-B918-4D8E-B86F-E3DC3E8C7118}.Release|Any CPU.ActiveCfg = Release|Any CPU
		{94071646-B918-4D8E-B86F-E3DC3E8C7118}.Release|Any CPU.Build.0 = Release|Any CPU
	EndGlobalSection
	GlobalSection(SolutionProperties) = preSolution
		HideSolutionNode = FALSE
	EndGlobalSection
	GlobalSection(ExtensibilityGlobals) = postSolution
		SolutionGuid = {4131E895-2D4C-47A7-81E3-62FBAE2AAE3F}
	EndGlobalSection
EndGlobal
